
Microsoft Visual Studio Solution File, Format Version 12.00
# Visual Studio Version 17
VisualStudioVersion = 17.6.33829.357
MinimumVisualStudioVersion = 10.0.40219.1
Project("{9A19103F-16F7-4668-BE54-9A1E7A4F7556}") = "FactoryMethod", "FactoryMethod\FactoryMethod.csproj", "{77B0214B-8092-4D3E-88BD-76BC81D3B022}"
EndProject
Project("{9A19103F-16F7-4668-BE54-9A1E7A4F7556}") = "AbstractFactory", "AbstractFactory\AbstractFactory.csproj", "{C706AA7B-4EF0-499D-A49D-67B2AE3B5056}"
EndProject
Global
	GlobalSection(SolutionConfigurationPlatforms) = preSolution
		Debug|Any CPU = Debug|Any CPU
		Release|Any CPU = Release|Any CPU
	EndGlobalSection
	GlobalSection(ProjectConfigurationPlatforms) = postSolution
		{77B0214B-8092-4D3E-88BD-76BC81D3B022}.Debug|Any CPU.ActiveCfg = Debug|Any CPU
		{77B0214B-8092-4D3E-88BD-76BC81D3B022}.Debug|Any CPU.Build.0 = Debug|Any CPU
		{77B0214B-8092-4D3E-88BD-76BC81D3B022}.Release|Any CPU.ActiveCfg = Release|Any CPU
		{77B0214B-8092-4D3E-88BD-76BC81D3B022}.Release|Any CPU.Build.0 = Release|Any CPU
		{C706AA7B-4EF0-499D-A49D-67B2AE3B5056}.Debug|Any CPU.ActiveCfg = Debug|Any CPU
		{C706AA7B-4EF0-499D-A49D-67B2AE3B5056}.Debug|Any CPU.Build.0 = Debug|Any CPU
		{C706AA7B-4EF0-499D-A49D-67B2AE3B5056}.Release|Any CPU.ActiveCfg = Release|Any CPU
		{C706AA7B-4EF0-499D-A49D-67B2AE3B5056}.Release|Any CPU.Build.0 = Release|Any CPU
	EndGlobalSection
	GlobalSection(SolutionProperties) = preSolution
		HideSolutionNode = FALSE
	EndGlobalSection
	GlobalSection(ExtensibilityGlobals) = postSolution
		SolutionGuid = {2C04C96E-E4A5-4AE7-B84E-9543AA781439}
	EndGlobalSection
EndGlobal
